// !$*UTF8*$!
{
	archiveVersion = 1;
	classes = {
	};
	objectVersion = 46;
	objects = {

/* Begin PBXBuildFile section */
		4B1929151C2BBBE1005B79AB /* Rainbow.h in Headers */ = {isa = PBXBuildFile; fileRef = 4BC821AA1C2928CF00F68E70 /* Rainbow.h */; settings = {ATTRIBUTES = (Public, ); }; };
		4B1929191C2BBC98005B79AB /* CodesParser.swift in Sources */ = {isa = PBXBuildFile; fileRef = D1C5D8DB1C2ACA1D001CB619 /* CodesParser.swift */; };
		4B19291A1C2BBC98005B79AB /* ModesExtractor.swift in Sources */ = {isa = PBXBuildFile; fileRef = D1C5D8DD1C2ACA7A001CB619 /* ModesExtractor.swift */; };
		4B19291B1C2BBC98005B79AB /* StringGenerator.swift in Sources */ = {isa = PBXBuildFile; fileRef = D1C5D8DF1C2AD38A001CB619 /* StringGenerator.swift */; };
		4B19291C1C2BBC98005B79AB /* Rainbow.swift in Sources */ = {isa = PBXBuildFile; fileRef = 4BA75FA91C2939EC00B1037A /* Rainbow.swift */; };
		4B19291D1C2BBC98005B79AB /* Color.swift in Sources */ = {isa = PBXBuildFile; fileRef = 4BC026E81C2929E7009FD2FD /* Color.swift */; };
		4B19291E1C2BBC98005B79AB /* BackgroundColor.swift in Sources */ = {isa = PBXBuildFile; fileRef = 4BC026EC1C292F5C009FD2FD /* BackgroundColor.swift */; };
		4B19291F1C2BBC98005B79AB /* Style.swift in Sources */ = {isa = PBXBuildFile; fileRef = 4BC026EE1C292F70009FD2FD /* Style.swift */; };
		4B1929201C2BBC98005B79AB /* ControlCode.swift in Sources */ = {isa = PBXBuildFile; fileRef = 4BC026EA1C292B25009FD2FD /* ControlCode.swift */; };
		4B1929211C2BBC98005B79AB /* String+Rainbow.swift in Sources */ = {isa = PBXBuildFile; fileRef = D1A98FAE1C299D63000DDF20 /* String+Rainbow.swift */; };
		4B1929221C2BBC98005B79AB /* OutputTarget.swift in Sources */ = {isa = PBXBuildFile; fileRef = D16B37C31C2A2F76001A5D35 /* OutputTarget.swift */; };
		4B1929231C2BBC98005B79AB /* XcodeColorsSupport.swift in Sources */ = {isa = PBXBuildFile; fileRef = D11AECD21C2A796E00014175 /* XcodeColorsSupport.swift */; };
		4B1929311C2BBE06005B79AB /* CodesParser.swift in Sources */ = {isa = PBXBuildFile; fileRef = D1C5D8DB1C2ACA1D001CB619 /* CodesParser.swift */; };
		4B1929321C2BBE06005B79AB /* ModesExtractor.swift in Sources */ = {isa = PBXBuildFile; fileRef = D1C5D8DD1C2ACA7A001CB619 /* ModesExtractor.swift */; };
		4B1929331C2BBE06005B79AB /* StringGenerator.swift in Sources */ = {isa = PBXBuildFile; fileRef = D1C5D8DF1C2AD38A001CB619 /* StringGenerator.swift */; };
		4B1929341C2BBE06005B79AB /* Rainbow.swift in Sources */ = {isa = PBXBuildFile; fileRef = 4BA75FA91C2939EC00B1037A /* Rainbow.swift */; };
		4B1929351C2BBE06005B79AB /* Color.swift in Sources */ = {isa = PBXBuildFile; fileRef = 4BC026E81C2929E7009FD2FD /* Color.swift */; };
		4B1929361C2BBE06005B79AB /* BackgroundColor.swift in Sources */ = {isa = PBXBuildFile; fileRef = 4BC026EC1C292F5C009FD2FD /* BackgroundColor.swift */; };
		4B1929371C2BBE06005B79AB /* Style.swift in Sources */ = {isa = PBXBuildFile; fileRef = 4BC026EE1C292F70009FD2FD /* Style.swift */; };
		4B1929381C2BBE06005B79AB /* ControlCode.swift in Sources */ = {isa = PBXBuildFile; fileRef = 4BC026EA1C292B25009FD2FD /* ControlCode.swift */; };
		4B1929391C2BBE06005B79AB /* String+Rainbow.swift in Sources */ = {isa = PBXBuildFile; fileRef = D1A98FAE1C299D63000DDF20 /* String+Rainbow.swift */; };
		4B19293A1C2BBE06005B79AB /* OutputTarget.swift in Sources */ = {isa = PBXBuildFile; fileRef = D16B37C31C2A2F76001A5D35 /* OutputTarget.swift */; };
		4B19293B1C2BBE06005B79AB /* XcodeColorsSupport.swift in Sources */ = {isa = PBXBuildFile; fileRef = D11AECD21C2A796E00014175 /* XcodeColorsSupport.swift */; };
		4B1929581C2BBEED005B79AB /* Rainbow.h in Headers */ = {isa = PBXBuildFile; fileRef = 4BC821AA1C2928CF00F68E70 /* Rainbow.h */; settings = {ATTRIBUTES = (Public, ); }; };
		4B1929591C2BBEF5005B79AB /* Rainbow.h in Headers */ = {isa = PBXBuildFile; fileRef = 4BC821AA1C2928CF00F68E70 /* Rainbow.h */; settings = {ATTRIBUTES = (Public, ); }; };
		4B19295A1C2BBEFE005B79AB /* CodesParser.swift in Sources */ = {isa = PBXBuildFile; fileRef = D1C5D8DB1C2ACA1D001CB619 /* CodesParser.swift */; };
		4B19295B1C2BBEFE005B79AB /* ModesExtractor.swift in Sources */ = {isa = PBXBuildFile; fileRef = D1C5D8DD1C2ACA7A001CB619 /* ModesExtractor.swift */; };
		4B19295C1C2BBEFE005B79AB /* StringGenerator.swift in Sources */ = {isa = PBXBuildFile; fileRef = D1C5D8DF1C2AD38A001CB619 /* StringGenerator.swift */; };
		4B19295D1C2BBEFE005B79AB /* Rainbow.swift in Sources */ = {isa = PBXBuildFile; fileRef = 4BA75FA91C2939EC00B1037A /* Rainbow.swift */; };
		4B19295E1C2BBEFE005B79AB /* Color.swift in Sources */ = {isa = PBXBuildFile; fileRef = 4BC026E81C2929E7009FD2FD /* Color.swift */; };
		4B19295F1C2BBEFE005B79AB /* BackgroundColor.swift in Sources */ = {isa = PBXBuildFile; fileRef = 4BC026EC1C292F5C009FD2FD /* BackgroundColor.swift */; };
		4B1929601C2BBEFE005B79AB /* Style.swift in Sources */ = {isa = PBXBuildFile; fileRef = 4BC026EE1C292F70009FD2FD /* Style.swift */; };
		4B1929611C2BBEFE005B79AB /* ControlCode.swift in Sources */ = {isa = PBXBuildFile; fileRef = 4BC026EA1C292B25009FD2FD /* ControlCode.swift */; };
		4B1929621C2BBEFE005B79AB /* String+Rainbow.swift in Sources */ = {isa = PBXBuildFile; fileRef = D1A98FAE1C299D63000DDF20 /* String+Rainbow.swift */; };
		4B1929631C2BBEFE005B79AB /* OutputTarget.swift in Sources */ = {isa = PBXBuildFile; fileRef = D16B37C31C2A2F76001A5D35 /* OutputTarget.swift */; };
		4B1929641C2BBEFE005B79AB /* XcodeColorsSupport.swift in Sources */ = {isa = PBXBuildFile; fileRef = D11AECD21C2A796E00014175 /* XcodeColorsSupport.swift */; };
		4BA75FAA1C2939EC00B1037A /* Rainbow.swift in Sources */ = {isa = PBXBuildFile; fileRef = 4BA75FA91C2939EC00B1037A /* Rainbow.swift */; };
		4BC026E91C2929E7009FD2FD /* Color.swift in Sources */ = {isa = PBXBuildFile; fileRef = 4BC026E81C2929E7009FD2FD /* Color.swift */; };
		4BC026EB1C292B25009FD2FD /* ControlCode.swift in Sources */ = {isa = PBXBuildFile; fileRef = 4BC026EA1C292B25009FD2FD /* ControlCode.swift */; };
		4BC026ED1C292F5C009FD2FD /* BackgroundColor.swift in Sources */ = {isa = PBXBuildFile; fileRef = 4BC026EC1C292F5C009FD2FD /* BackgroundColor.swift */; };
		4BC026EF1C292F70009FD2FD /* Style.swift in Sources */ = {isa = PBXBuildFile; fileRef = 4BC026EE1C292F70009FD2FD /* Style.swift */; };
		4BC821811C29254C00F68E70 /* Rainbow.framework in Frameworks */ = {isa = PBXBuildFile; fileRef = 4BC821761C29254C00F68E70 /* Rainbow.framework */; };
		4BC821A11C29276C00F68E70 /* RainbowTests.swift in Sources */ = {isa = PBXBuildFile; fileRef = 4BC8219F1C29276C00F68E70 /* RainbowTests.swift */; };
		4BC821AB1C2928CF00F68E70 /* Rainbow.h in Headers */ = {isa = PBXBuildFile; fileRef = 4BC821AA1C2928CF00F68E70 /* Rainbow.h */; settings = {ATTRIBUTES = (Public, ); }; };
		D11AECD31C2A796E00014175 /* XcodeColorsSupport.swift in Sources */ = {isa = PBXBuildFile; fileRef = D11AECD21C2A796E00014175 /* XcodeColorsSupport.swift */; };
		D16B37C41C2A2F76001A5D35 /* OutputTarget.swift in Sources */ = {isa = PBXBuildFile; fileRef = D16B37C31C2A2F76001A5D35 /* OutputTarget.swift */; };
		D1A98FAF1C299D64000DDF20 /* String+Rainbow.swift in Sources */ = {isa = PBXBuildFile; fileRef = D1A98FAE1C299D63000DDF20 /* String+Rainbow.swift */; };
		D1A98FB11C299DF0000DDF20 /* ConsoleStringTests.swift in Sources */ = {isa = PBXBuildFile; fileRef = D1A98FB01C299DF0000DDF20 /* ConsoleStringTests.swift */; };
		D1C5D8DC1C2ACA1D001CB619 /* CodesParser.swift in Sources */ = {isa = PBXBuildFile; fileRef = D1C5D8DB1C2ACA1D001CB619 /* CodesParser.swift */; };
		D1C5D8DE1C2ACA7A001CB619 /* ModesExtractor.swift in Sources */ = {isa = PBXBuildFile; fileRef = D1C5D8DD1C2ACA7A001CB619 /* ModesExtractor.swift */; };
		D1C5D8E01C2AD38A001CB619 /* StringGenerator.swift in Sources */ = {isa = PBXBuildFile; fileRef = D1C5D8DF1C2AD38A001CB619 /* StringGenerator.swift */; };
		D1C5D8E21C2ADFA7001CB619 /* XcodeColorsStringTests.swift in Sources */ = {isa = PBXBuildFile; fileRef = D1C5D8E11C2ADFA7001CB619 /* XcodeColorsStringTests.swift */; };
/* End PBXBuildFile section */

/* Begin PBXContainerItemProxy section */
		4BC821821C29254C00F68E70 /* PBXContainerItemProxy */ = {
			isa = PBXContainerItemProxy;
			containerPortal = 4BC8216D1C29254C00F68E70 /* Project object */;
			proxyType = 1;
			remoteGlobalIDString = 4BC821751C29254C00F68E70;
			remoteInfo = Rainbow;
		};
/* End PBXContainerItemProxy section */

/* Begin PBXFileReference section */
		4B1928FE1C2BBB02005B79AB /* Rainbow.framework */ = {isa = PBXFileReference; explicitFileType = wrapper.framework; includeInIndex = 0; path = Rainbow.framework; sourceTree = BUILT_PRODUCTS_DIR; };
		4B1929291C2BBD8D005B79AB /* Rainbow.framework */ = {isa = PBXFileReference; explicitFileType = wrapper.framework; includeInIndex = 0; path = Rainbow.framework; sourceTree = BUILT_PRODUCTS_DIR; };
		4B1929411C2BBEC7005B79AB /* Rainbow.framework */ = {isa = PBXFileReference; explicitFileType = wrapper.framework; includeInIndex = 0; path = Rainbow.framework; sourceTree = BUILT_PRODUCTS_DIR; };
		4BA75FA91C2939EC00B1037A /* Rainbow.swift */ = {isa = PBXFileReference; fileEncoding = 4; lastKnownFileType = sourcecode.swift; path = Rainbow.swift; sourceTree = "<group>"; };
		4BC026E81C2929E7009FD2FD /* Color.swift */ = {isa = PBXFileReference; fileEncoding = 4; lastKnownFileType = sourcecode.swift; path = Color.swift; sourceTree = "<group>"; };
		4BC026EA1C292B25009FD2FD /* ControlCode.swift */ = {isa = PBXFileReference; fileEncoding = 4; lastKnownFileType = sourcecode.swift; path = ControlCode.swift; sourceTree = "<group>"; };
		4BC026EC1C292F5C009FD2FD /* BackgroundColor.swift */ = {isa = PBXFileReference; fileEncoding = 4; lastKnownFileType = sourcecode.swift; path = BackgroundColor.swift; sourceTree = "<group>"; };
		4BC026EE1C292F70009FD2FD /* Style.swift */ = {isa = PBXFileReference; fileEncoding = 4; lastKnownFileType = sourcecode.swift; path = Style.swift; sourceTree = "<group>"; };
		4BC821761C29254C00F68E70 /* Rainbow.framework */ = {isa = PBXFileReference; explicitFileType = wrapper.framework; includeInIndex = 0; path = Rainbow.framework; sourceTree = BUILT_PRODUCTS_DIR; };
		4BC821801C29254C00F68E70 /* RainbowTests.xctest */ = {isa = PBXFileReference; explicitFileType = wrapper.cfbundle; includeInIndex = 0; path = RainbowTests.xctest; sourceTree = BUILT_PRODUCTS_DIR; };
		4BC8219C1C29276100F68E70 /* Info.plist */ = {isa = PBXFileReference; fileEncoding = 4; lastKnownFileType = text.plist.xml; name = Info.plist; path = Support/Info.plist; sourceTree = SOURCE_ROOT; };
		4BC8219E1C29276C00F68E70 /* Info.plist */ = {isa = PBXFileReference; fileEncoding = 4; lastKnownFileType = text.plist.xml; name = Info.plist; path = Tests/Info.plist; sourceTree = SOURCE_ROOT; };
		4BC8219F1C29276C00F68E70 /* RainbowTests.swift */ = {isa = PBXFileReference; fileEncoding = 4; lastKnownFileType = sourcecode.swift; name = RainbowTests.swift; path = Tests/RainbowTests/RainbowTests.swift; sourceTree = SOURCE_ROOT; };
		4BC821AA1C2928CF00F68E70 /* Rainbow.h */ = {isa = PBXFileReference; fileEncoding = 4; lastKnownFileType = sourcecode.c.h; path = Rainbow.h; sourceTree = "<group>"; };
		D11AECD21C2A796E00014175 /* XcodeColorsSupport.swift */ = {isa = PBXFileReference; fileEncoding = 4; lastKnownFileType = sourcecode.swift; path = XcodeColorsSupport.swift; sourceTree = "<group>"; };
		D16B37C31C2A2F76001A5D35 /* OutputTarget.swift */ = {isa = PBXFileReference; fileEncoding = 4; lastKnownFileType = sourcecode.swift; path = OutputTarget.swift; sourceTree = "<group>"; };
		D1A98FAE1C299D63000DDF20 /* String+Rainbow.swift */ = {isa = PBXFileReference; fileEncoding = 4; lastKnownFileType = sourcecode.swift; path = "String+Rainbow.swift"; sourceTree = "<group>"; };
		D1A98FB01C299DF0000DDF20 /* ConsoleStringTests.swift */ = {isa = PBXFileReference; fileEncoding = 4; lastKnownFileType = sourcecode.swift; name = ConsoleStringTests.swift; path = Tests/RainbowTests/ConsoleStringTests.swift; sourceTree = SOURCE_ROOT; };
		D1C5D8DB1C2ACA1D001CB619 /* CodesParser.swift */ = {isa = PBXFileReference; fileEncoding = 4; lastKnownFileType = sourcecode.swift; path = CodesParser.swift; sourceTree = "<group>"; };
		D1C5D8DD1C2ACA7A001CB619 /* ModesExtractor.swift */ = {isa = PBXFileReference; fileEncoding = 4; lastKnownFileType = sourcecode.swift; path = ModesExtractor.swift; sourceTree = "<group>"; };
		D1C5D8DF1C2AD38A001CB619 /* StringGenerator.swift */ = {isa = PBXFileReference; fileEncoding = 4; lastKnownFileType = sourcecode.swift; path = StringGenerator.swift; sourceTree = "<group>"; };
		D1C5D8E11C2ADFA7001CB619 /* XcodeColorsStringTests.swift */ = {isa = PBXFileReference; fileEncoding = 4; lastKnownFileType = sourcecode.swift; name = XcodeColorsStringTests.swift; path = Tests/RainbowTests/XcodeColorsStringTests.swift; sourceTree = SOURCE_ROOT; };
/* End PBXFileReference section */

/* Begin PBXFrameworksBuildPhase section */
		4B1928FA1C2BBB02005B79AB /* Frameworks */ = {
			isa = PBXFrameworksBuildPhase;
			buildActionMask = 2147483647;
			files = (
			);
			runOnlyForDeploymentPostprocessing = 0;
		};
		4B1929251C2BBD8D005B79AB /* Frameworks */ = {
			isa = PBXFrameworksBuildPhase;
			buildActionMask = 2147483647;
			files = (
			);
			runOnlyForDeploymentPostprocessing = 0;
		};
		4B19293D1C2BBEC7005B79AB /* Frameworks */ = {
			isa = PBXFrameworksBuildPhase;
			buildActionMask = 2147483647;
			files = (
			);
			runOnlyForDeploymentPostprocessing = 0;
		};
		4BC821721C29254C00F68E70 /* Frameworks */ = {
			isa = PBXFrameworksBuildPhase;
			buildActionMask = 2147483647;
			files = (
			);
			runOnlyForDeploymentPostprocessing = 0;
		};
		4BC8217D1C29254C00F68E70 /* Frameworks */ = {
			isa = PBXFrameworksBuildPhase;
			buildActionMask = 2147483647;
			files = (
				4BC821811C29254C00F68E70 /* Rainbow.framework in Frameworks */,
			);
			runOnlyForDeploymentPostprocessing = 0;
		};
/* End PBXFrameworksBuildPhase section */

/* Begin PBXGroup section */
		4BC8216C1C29254C00F68E70 = {
			isa = PBXGroup;
			children = (
				4BC821A91C2928CF00F68E70 /* Sources */,
				4BC821A41C29289900F68E70 /* Support */,
				4BC821841C29254C00F68E70 /* Tests */,
				4BC821771C29254C00F68E70 /* Products */,
			);
			sourceTree = "<group>";
		};
		4BC821771C29254C00F68E70 /* Products */ = {
			isa = PBXGroup;
			children = (
				4BC821761C29254C00F68E70 /* Rainbow.framework */,
				4BC821801C29254C00F68E70 /* RainbowTests.xctest */,
				4B1928FE1C2BBB02005B79AB /* Rainbow.framework */,
				4B1929291C2BBD8D005B79AB /* Rainbow.framework */,
				4B1929411C2BBEC7005B79AB /* Rainbow.framework */,
			);
			name = Products;
			sourceTree = "<group>";
		};
		4BC821841C29254C00F68E70 /* Tests */ = {
			isa = PBXGroup;
			children = (
				4BC8219E1C29276C00F68E70 /* Info.plist */,
				4BC8219F1C29276C00F68E70 /* RainbowTests.swift */,
				D1A98FB01C299DF0000DDF20 /* ConsoleStringTests.swift */,
				D1C5D8E11C2ADFA7001CB619 /* XcodeColorsStringTests.swift */,
			);
			path = Tests;
			sourceTree = "<group>";
		};
		4BC821A41C29289900F68E70 /* Support */ = {
			isa = PBXGroup;
			children = (
				4BC8219C1C29276100F68E70 /* Info.plist */,
			);
			name = Support;
			sourceTree = "<group>";
		};
		4BC821A91C2928CF00F68E70 /* Sources */ = {
			isa = PBXGroup;
			children = (
				D1C5D8DB1C2ACA1D001CB619 /* CodesParser.swift */,
				D1C5D8DD1C2ACA7A001CB619 /* ModesExtractor.swift */,
				D1C5D8DF1C2AD38A001CB619 /* StringGenerator.swift */,
				4BA75FA91C2939EC00B1037A /* Rainbow.swift */,
				4BC026E81C2929E7009FD2FD /* Color.swift */,
				4BC026EC1C292F5C009FD2FD /* BackgroundColor.swift */,
				4BC026EE1C292F70009FD2FD /* Style.swift */,
				4BC026EA1C292B25009FD2FD /* ControlCode.swift */,
				4BC821AA1C2928CF00F68E70 /* Rainbow.h */,
				D1A98FAE1C299D63000DDF20 /* String+Rainbow.swift */,
				D16B37C31C2A2F76001A5D35 /* OutputTarget.swift */,
				D11AECD21C2A796E00014175 /* XcodeColorsSupport.swift */,
			);
			path = Sources;
			sourceTree = "<group>";
		};
/* End PBXGroup section */

/* Begin PBXHeadersBuildPhase section */
		4B1928FB1C2BBB02005B79AB /* Headers */ = {
			isa = PBXHeadersBuildPhase;
			buildActionMask = 2147483647;
			files = (
				4B1929151C2BBBE1005B79AB /* Rainbow.h in Headers */,
			);
			runOnlyForDeploymentPostprocessing = 0;
		};
		4B1929261C2BBD8D005B79AB /* Headers */ = {
			isa = PBXHeadersBuildPhase;
			buildActionMask = 2147483647;
			files = (
				4B1929581C2BBEED005B79AB /* Rainbow.h in Headers */,
			);
			runOnlyForDeploymentPostprocessing = 0;
		};
		4B19293E1C2BBEC7005B79AB /* Headers */ = {
			isa = PBXHeadersBuildPhase;
			buildActionMask = 2147483647;
			files = (
				4B1929591C2BBEF5005B79AB /* Rainbow.h in Headers */,
			);
			runOnlyForDeploymentPostprocessing = 0;
		};
		4BC821731C29254C00F68E70 /* Headers */ = {
			isa = PBXHeadersBuildPhase;
			buildActionMask = 2147483647;
			files = (
				4BC821AB1C2928CF00F68E70 /* Rainbow.h in Headers */,
			);
			runOnlyForDeploymentPostprocessing = 0;
		};
/* End PBXHeadersBuildPhase section */

/* Begin PBXNativeTarget section */
		4B1928FD1C2BBB02005B79AB /* Rainbow(iOS) */ = {
			isa = PBXNativeTarget;
			buildConfigurationList = 4B1929131C2BBB02005B79AB /* Build configuration list for PBXNativeTarget "Rainbow(iOS)" */;
			buildPhases = (
				4B1928F91C2BBB02005B79AB /* Sources */,
				4B1928FA1C2BBB02005B79AB /* Frameworks */,
				4B1928FB1C2BBB02005B79AB /* Headers */,
				4B1928FC1C2BBB02005B79AB /* Resources */,
			);
			buildRules = (
			);
			dependencies = (
			);
			name = "Rainbow(iOS)";
			productName = RainbowiOS;
			productReference = 4B1928FE1C2BBB02005B79AB /* Rainbow.framework */;
			productType = "com.apple.product-type.framework";
		};
		4B1929281C2BBD8D005B79AB /* Rainbow(watchOS) */ = {
			isa = PBXNativeTarget;
			buildConfigurationList = 4B19292E1C2BBD8D005B79AB /* Build configuration list for PBXNativeTarget "Rainbow(watchOS)" */;
			buildPhases = (
				4B1929241C2BBD8D005B79AB /* Sources */,
				4B1929251C2BBD8D005B79AB /* Frameworks */,
				4B1929261C2BBD8D005B79AB /* Headers */,
				4B1929271C2BBD8D005B79AB /* Resources */,
			);
			buildRules = (
			);
			dependencies = (
			);
			name = "Rainbow(watchOS)";
			productName = "Rainbow(watchOS)";
			productReference = 4B1929291C2BBD8D005B79AB /* Rainbow.framework */;
			productType = "com.apple.product-type.framework";
		};
		4B1929401C2BBEC7005B79AB /* Rainbow(tvOS) */ = {
			isa = PBXNativeTarget;
			buildConfigurationList = 4B1929521C2BBEC8005B79AB /* Build configuration list for PBXNativeTarget "Rainbow(tvOS)" */;
			buildPhases = (
				4B19293C1C2BBEC7005B79AB /* Sources */,
				4B19293D1C2BBEC7005B79AB /* Frameworks */,
				4B19293E1C2BBEC7005B79AB /* Headers */,
				4B19293F1C2BBEC7005B79AB /* Resources */,
			);
			buildRules = (
			);
			dependencies = (
			);
			name = "Rainbow(tvOS)";
			productName = "Rainbow(tvOS)";
			productReference = 4B1929411C2BBEC7005B79AB /* Rainbow.framework */;
			productType = "com.apple.product-type.framework";
		};
		4BC821751C29254C00F68E70 /* Rainbow(OSX) */ = {
			isa = PBXNativeTarget;
			buildConfigurationList = 4BC8218A1C29254C00F68E70 /* Build configuration list for PBXNativeTarget "Rainbow(OSX)" */;
			buildPhases = (
				4BC821711C29254C00F68E70 /* Sources */,
				4BC821721C29254C00F68E70 /* Frameworks */,
				4BC821731C29254C00F68E70 /* Headers */,
				4BC821741C29254C00F68E70 /* Resources */,
			);
			buildRules = (
			);
			dependencies = (
			);
			name = "Rainbow(OSX)";
			productName = Rainbow;
			productReference = 4BC821761C29254C00F68E70 /* Rainbow.framework */;
			productType = "com.apple.product-type.framework";
		};
		4BC8217F1C29254C00F68E70 /* RainbowTests */ = {
			isa = PBXNativeTarget;
			buildConfigurationList = 4BC8218D1C29254C00F68E70 /* Build configuration list for PBXNativeTarget "RainbowTests" */;
			buildPhases = (
				4BC8217C1C29254C00F68E70 /* Sources */,
				4BC8217D1C29254C00F68E70 /* Frameworks */,
				4BC8217E1C29254C00F68E70 /* Resources */,
			);
			buildRules = (
			);
			dependencies = (
				4BC821831C29254C00F68E70 /* PBXTargetDependency */,
			);
			name = RainbowTests;
			productName = RainbowTests;
			productReference = 4BC821801C29254C00F68E70 /* RainbowTests.xctest */;
			productType = "com.apple.product-type.bundle.unit-test";
		};
/* End PBXNativeTarget section */

/* Begin PBXProject section */
		4BC8216D1C29254C00F68E70 /* Project object */ = {
			isa = PBXProject;
			attributes = {
				LastSwiftUpdateCheck = 0720;
				LastUpgradeCheck = 0930;
				ORGANIZATIONNAME = "OneV's Den";
				TargetAttributes = {
					4B1928FD1C2BBB02005B79AB = {
						CreatedOnToolsVersion = 7.2;
						LastSwiftMigration = 0900;
					};
					4B1929281C2BBD8D005B79AB = {
						CreatedOnToolsVersion = 7.2;
						LastSwiftMigration = 0900;
					};
					4B1929401C2BBEC7005B79AB = {
						CreatedOnToolsVersion = 7.2;
						LastSwiftMigration = 0900;
					};
					4BC821751C29254C00F68E70 = {
						CreatedOnToolsVersion = 7.2;
						LastSwiftMigration = 0900;
					};
					4BC8217F1C29254C00F68E70 = {
						CreatedOnToolsVersion = 7.2;
						LastSwiftMigration = 0900;
					};
				};
			};
			buildConfigurationList = 4BC821701C29254C00F68E70 /* Build configuration list for PBXProject "Rainbow" */;
			compatibilityVersion = "Xcode 3.2";
			developmentRegion = English;
			hasScannedForEncodings = 0;
			knownRegions = (
				en,
			);
			mainGroup = 4BC8216C1C29254C00F68E70;
			productRefGroup = 4BC821771C29254C00F68E70 /* Products */;
			projectDirPath = "";
			projectRoot = "";
			targets = (
				4BC821751C29254C00F68E70 /* Rainbow(OSX) */,
				4B1928FD1C2BBB02005B79AB /* Rainbow(iOS) */,
				4B1929281C2BBD8D005B79AB /* Rainbow(watchOS) */,
				4B1929401C2BBEC7005B79AB /* Rainbow(tvOS) */,
				4BC8217F1C29254C00F68E70 /* RainbowTests */,
			);
		};
/* End PBXProject section */

/* Begin PBXResourcesBuildPhase section */
		4B1928FC1C2BBB02005B79AB /* Resources */ = {
			isa = PBXResourcesBuildPhase;
			buildActionMask = 2147483647;
			files = (
			);
			runOnlyForDeploymentPostprocessing = 0;
		};
		4B1929271C2BBD8D005B79AB /* Resources */ = {
			isa = PBXResourcesBuildPhase;
			buildActionMask = 2147483647;
			files = (
			);
			runOnlyForDeploymentPostprocessing = 0;
		};
		4B19293F1C2BBEC7005B79AB /* Resources */ = {
			isa = PBXResourcesBuildPhase;
			buildActionMask = 2147483647;
			files = (
			);
			runOnlyForDeploymentPostprocessing = 0;
		};
		4BC821741C29254C00F68E70 /* Resources */ = {
			isa = PBXResourcesBuildPhase;
			buildActionMask = 2147483647;
			files = (
			);
			runOnlyForDeploymentPostprocessing = 0;
		};
		4BC8217E1C29254C00F68E70 /* Resources */ = {
			isa = PBXResourcesBuildPhase;
			buildActionMask = 2147483647;
			files = (
			);
			runOnlyForDeploymentPostprocessing = 0;
		};
/* End PBXResourcesBuildPhase section */

/* Begin PBXSourcesBuildPhase section */
		4B1928F91C2BBB02005B79AB /* Sources */ = {
			isa = PBXSourcesBuildPhase;
			buildActionMask = 2147483647;
			files = (
				4B1929191C2BBC98005B79AB /* CodesParser.swift in Sources */,
				4B19291A1C2BBC98005B79AB /* ModesExtractor.swift in Sources */,
				4B19291B1C2BBC98005B79AB /* StringGenerator.swift in Sources */,
				4B19291C1C2BBC98005B79AB /* Rainbow.swift in Sources */,
				4B19291D1C2BBC98005B79AB /* Color.swift in Sources */,
				4B19291E1C2BBC98005B79AB /* BackgroundColor.swift in Sources */,
				4B19291F1C2BBC98005B79AB /* Style.swift in Sources */,
				4B1929201C2BBC98005B79AB /* ControlCode.swift in Sources */,
				4B1929211C2BBC98005B79AB /* String+Rainbow.swift in Sources */,
				4B1929221C2BBC98005B79AB /* OutputTarget.swift in Sources */,
				4B1929231C2BBC98005B79AB /* XcodeColorsSupport.swift in Sources */,
			);
			runOnlyForDeploymentPostprocessing = 0;
		};
		4B1929241C2BBD8D005B79AB /* Sources */ = {
			isa = PBXSourcesBuildPhase;
			buildActionMask = 2147483647;
			files = (
				4B1929311C2BBE06005B79AB /* CodesParser.swift in Sources */,
				4B1929321C2BBE06005B79AB /* ModesExtractor.swift in Sources */,
				4B1929331C2BBE06005B79AB /* StringGenerator.swift in Sources */,
				4B1929341C2BBE06005B79AB /* Rainbow.swift in Sources */,
				4B1929351C2BBE06005B79AB /* Color.swift in Sources */,
				4B1929361C2BBE06005B79AB /* BackgroundColor.swift in Sources */,
				4B1929371C2BBE06005B79AB /* Style.swift in Sources */,
				4B1929381C2BBE06005B79AB /* ControlCode.swift in Sources */,
				4B1929391C2BBE06005B79AB /* String+Rainbow.swift in Sources */,
				4B19293A1C2BBE06005B79AB /* OutputTarget.swift in Sources */,
				4B19293B1C2BBE06005B79AB /* XcodeColorsSupport.swift in Sources */,
			);
			runOnlyForDeploymentPostprocessing = 0;
		};
		4B19293C1C2BBEC7005B79AB /* Sources */ = {
			isa = PBXSourcesBuildPhase;
			buildActionMask = 2147483647;
			files = (
				4B19295A1C2BBEFE005B79AB /* CodesParser.swift in Sources */,
				4B19295B1C2BBEFE005B79AB /* ModesExtractor.swift in Sources */,
				4B19295C1C2BBEFE005B79AB /* StringGenerator.swift in Sources */,
				4B19295D1C2BBEFE005B79AB /* Rainbow.swift in Sources */,
				4B19295E1C2BBEFE005B79AB /* Color.swift in Sources */,
				4B19295F1C2BBEFE005B79AB /* BackgroundColor.swift in Sources */,
				4B1929601C2BBEFE005B79AB /* Style.swift in Sources */,
				4B1929611C2BBEFE005B79AB /* ControlCode.swift in Sources */,
				4B1929621C2BBEFE005B79AB /* String+Rainbow.swift in Sources */,
				4B1929631C2BBEFE005B79AB /* OutputTarget.swift in Sources */,
				4B1929641C2BBEFE005B79AB /* XcodeColorsSupport.swift in Sources */,
			);
			runOnlyForDeploymentPostprocessing = 0;
		};
		4BC821711C29254C00F68E70 /* Sources */ = {
			isa = PBXSourcesBuildPhase;
			buildActionMask = 2147483647;
			files = (
				4BC026EB1C292B25009FD2FD /* ControlCode.swift in Sources */,
				4BC026ED1C292F5C009FD2FD /* BackgroundColor.swift in Sources */,
				4BC026E91C2929E7009FD2FD /* Color.swift in Sources */,
				D1A98FAF1C299D64000DDF20 /* String+Rainbow.swift in Sources */,
				D1C5D8E01C2AD38A001CB619 /* StringGenerator.swift in Sources */,
				D16B37C41C2A2F76001A5D35 /* OutputTarget.swift in Sources */,
				D1C5D8DC1C2ACA1D001CB619 /* CodesParser.swift in Sources */,
				D11AECD31C2A796E00014175 /* XcodeColorsSupport.swift in Sources */,
				D1C5D8DE1C2ACA7A001CB619 /* ModesExtractor.swift in Sources */,
				4BA75FAA1C2939EC00B1037A /* Rainbow.swift in Sources */,
				4BC026EF1C292F70009FD2FD /* Style.swift in Sources */,
			);
			runOnlyForDeploymentPostprocessing = 0;
		};
		4BC8217C1C29254C00F68E70 /* Sources */ = {
			isa = PBXSourcesBuildPhase;
			buildActionMask = 2147483647;
			files = (
				D1A98FB11C299DF0000DDF20 /* ConsoleStringTests.swift in Sources */,
				4BC821A11C29276C00F68E70 /* RainbowTests.swift in Sources */,
				D1C5D8E21C2ADFA7001CB619 /* XcodeColorsStringTests.swift in Sources */,
			);
			runOnlyForDeploymentPostprocessing = 0;
		};
/* End PBXSourcesBuildPhase section */

/* Begin PBXTargetDependency section */
		4BC821831C29254C00F68E70 /* PBXTargetDependency */ = {
			isa = PBXTargetDependency;
			target = 4BC821751C29254C00F68E70 /* Rainbow(OSX) */;
			targetProxy = 4BC821821C29254C00F68E70 /* PBXContainerItemProxy */;
		};
/* End PBXTargetDependency section */

/* Begin XCBuildConfiguration section */
		4B19290F1C2BBB02005B79AB /* Debug */ = {
			isa = XCBuildConfiguration;
			buildSettings = {
				CODE_SIGN_IDENTITY = "";
				"CODE_SIGN_IDENTITY[sdk=iphoneos*]" = "";
				DEFINES_MODULE = YES;
				DYLIB_COMPATIBILITY_VERSION = 1;
				DYLIB_CURRENT_VERSION = 123;
				DYLIB_INSTALL_NAME_BASE = "@rpath";
				INFOPLIST_FILE = Support/Info.plist;
				INSTALL_PATH = "$(LOCAL_LIBRARY_DIR)/Frameworks";
				IPHONEOS_DEPLOYMENT_TARGET = 8.0;
				LD_RUNPATH_SEARCH_PATHS = "$(inherited) @executable_path/Frameworks @loader_path/Frameworks";
				PRODUCT_BUNDLE_IDENTIFIER = com.onevcat.Rainbow.iOS;
				PRODUCT_NAME = Rainbow;
				SDKROOT = iphoneos;
				SKIP_INSTALL = YES;
				SWIFT_SWIFT3_OBJC_INFERENCE = Default;
				SWIFT_VERSION = 4.0;
				TARGETED_DEVICE_FAMILY = "1,2";
			};
			name = Debug;
		};
		4B1929101C2BBB02005B79AB /* Release */ = {
			isa = XCBuildConfiguration;
			buildSettings = {
				CODE_SIGN_IDENTITY = "";
				"CODE_SIGN_IDENTITY[sdk=iphoneos*]" = "";
				DEFINES_MODULE = YES;
				DYLIB_COMPATIBILITY_VERSION = 1;
				DYLIB_CURRENT_VERSION = 123;
				DYLIB_INSTALL_NAME_BASE = "@rpath";
				INFOPLIST_FILE = Support/Info.plist;
				INSTALL_PATH = "$(LOCAL_LIBRARY_DIR)/Frameworks";
				IPHONEOS_DEPLOYMENT_TARGET = 8.0;
				LD_RUNPATH_SEARCH_PATHS = "$(inherited) @executable_path/Frameworks @loader_path/Frameworks";
				PRODUCT_BUNDLE_IDENTIFIER = com.onevcat.Rainbow.iOS;
				PRODUCT_NAME = Rainbow;
				SDKROOT = iphoneos;
				SKIP_INSTALL = YES;
				SWIFT_OPTIMIZATION_LEVEL = "-Owholemodule";
				SWIFT_SWIFT3_OBJC_INFERENCE = Default;
				SWIFT_VERSION = 4.0;
				TARGETED_DEVICE_FAMILY = "1,2";
				VALIDATE_PRODUCT = YES;
			};
			name = Release;
		};
		4B19292F1C2BBD8D005B79AB /* Debug */ = {
			isa = XCBuildConfiguration;
			buildSettings = {
				APPLICATION_EXTENSION_API_ONLY = YES;
				CODE_SIGN_IDENTITY = "";
				DEFINES_MODULE = YES;
				DYLIB_COMPATIBILITY_VERSION = 1;
				DYLIB_CURRENT_VERSION = 123;
				DYLIB_INSTALL_NAME_BASE = "@rpath";
				INFOPLIST_FILE = Support/Info.plist;
				INSTALL_PATH = "$(LOCAL_LIBRARY_DIR)/Frameworks";
				LD_RUNPATH_SEARCH_PATHS = "$(inherited) @executable_path/Frameworks @loader_path/Frameworks";
				PRODUCT_BUNDLE_IDENTIFIER = com.onevcat.Rainbow.watchOS;
				PRODUCT_NAME = Rainbow;
				SDKROOT = watchos;
				SKIP_INSTALL = YES;
				SWIFT_SWIFT3_OBJC_INFERENCE = Default;
				SWIFT_VERSION = 4.0;
				TARGETED_DEVICE_FAMILY = 4;
				WATCHOS_DEPLOYMENT_TARGET = 2.0;
			};
			name = Debug;
		};
		4B1929301C2BBD8D005B79AB /* Release */ = {
			isa = XCBuildConfiguration;
			buildSettings = {
				APPLICATION_EXTENSION_API_ONLY = YES;
				CODE_SIGN_IDENTITY = "";
				DEFINES_MODULE = YES;
				DYLIB_COMPATIBILITY_VERSION = 1;
				DYLIB_CURRENT_VERSION = 123;
				DYLIB_INSTALL_NAME_BASE = "@rpath";
				INFOPLIST_FILE = Support/Info.plist;
				INSTALL_PATH = "$(LOCAL_LIBRARY_DIR)/Frameworks";
				LD_RUNPATH_SEARCH_PATHS = "$(inherited) @executable_path/Frameworks @loader_path/Frameworks";
				PRODUCT_BUNDLE_IDENTIFIER = com.onevcat.Rainbow.watchOS;
				PRODUCT_NAME = Rainbow;
				SDKROOT = watchos;
				SKIP_INSTALL = YES;
				SWIFT_OPTIMIZATION_LEVEL = "-Owholemodule";
				SWIFT_SWIFT3_OBJC_INFERENCE = Default;
				SWIFT_VERSION = 4.0;
				TARGETED_DEVICE_FAMILY = 4;
				VALIDATE_PRODUCT = YES;
				WATCHOS_DEPLOYMENT_TARGET = 2.0;
			};
			name = Release;
		};
		4B1929531C2BBEC8005B79AB /* Debug */ = {
			isa = XCBuildConfiguration;
			buildSettings = {
				CODE_SIGN_IDENTITY = "";
				DEFINES_MODULE = YES;
				DYLIB_COMPATIBILITY_VERSION = 1;
				DYLIB_CURRENT_VERSION = 123;
				DYLIB_INSTALL_NAME_BASE = "@rpath";
				INFOPLIST_FILE = "$(SRCROOT)/Support/Info.plist";
				INSTALL_PATH = "$(LOCAL_LIBRARY_DIR)/Frameworks";
				LD_RUNPATH_SEARCH_PATHS = "$(inherited) @executable_path/Frameworks @loader_path/Frameworks";
				PRODUCT_BUNDLE_IDENTIFIER = com.onevcat.Rainbow.tvOS;
				PRODUCT_NAME = Rainbow;
				SDKROOT = appletvos;
				SKIP_INSTALL = YES;
				SWIFT_SWIFT3_OBJC_INFERENCE = Default;
				SWIFT_VERSION = 4.0;
				TARGETED_DEVICE_FAMILY = 3;
				TVOS_DEPLOYMENT_TARGET = 9.0;
			};
			name = Debug;
		};
		4B1929541C2BBEC8005B79AB /* Release */ = {
			isa = XCBuildConfiguration;
			buildSettings = {
				CODE_SIGN_IDENTITY = "";
				DEFINES_MODULE = YES;
				DYLIB_COMPATIBILITY_VERSION = 1;
				DYLIB_CURRENT_VERSION = 123;
				DYLIB_INSTALL_NAME_BASE = "@rpath";
				INFOPLIST_FILE = "$(SRCROOT)/Support/Info.plist";
				INSTALL_PATH = "$(LOCAL_LIBRARY_DIR)/Frameworks";
				LD_RUNPATH_SEARCH_PATHS = "$(inherited) @executable_path/Frameworks @loader_path/Frameworks";
				PRODUCT_BUNDLE_IDENTIFIER = com.onevcat.Rainbow.tvOS;
				PRODUCT_NAME = Rainbow;
				SDKROOT = appletvos;
				SKIP_INSTALL = YES;
				SWIFT_OPTIMIZATION_LEVEL = "-Owholemodule";
				SWIFT_SWIFT3_OBJC_INFERENCE = Default;
				SWIFT_VERSION = 4.0;
				TARGETED_DEVICE_FAMILY = 3;
				TVOS_DEPLOYMENT_TARGET = 9.0;
				VALIDATE_PRODUCT = YES;
			};
			name = Release;
		};
		4BC821881C29254C00F68E70 /* Debug */ = {
			isa = XCBuildConfiguration;
			buildSettings = {
				ALWAYS_SEARCH_USER_PATHS = NO;
				CLANG_CXX_LANGUAGE_STANDARD = "gnu++0x";
				CLANG_CXX_LIBRARY = "libc++";
				CLANG_ENABLE_MODULES = YES;
				CLANG_ENABLE_OBJC_ARC = YES;
				CLANG_WARN_BLOCK_CAPTURE_AUTORELEASING = YES;
				CLANG_WARN_BOOL_CONVERSION = YES;
				CLANG_WARN_COMMA = YES;
				CLANG_WARN_CONSTANT_CONVERSION = YES;
				CLANG_WARN_DEPRECATED_OBJC_IMPLEMENTATIONS = YES;
				CLANG_WARN_DIRECT_OBJC_ISA_USAGE = YES_ERROR;
				CLANG_WARN_EMPTY_BODY = YES;
				CLANG_WARN_ENUM_CONVERSION = YES;
				CLANG_WARN_INFINITE_RECURSION = YES;
				CLANG_WARN_INT_CONVERSION = YES;
				CLANG_WARN_NON_LITERAL_NULL_CONVERSION = YES;
				CLANG_WARN_OBJC_IMPLICIT_RETAIN_SELF = YES;
				CLANG_WARN_OBJC_LITERAL_CONVERSION = YES;
				CLANG_WARN_OBJC_ROOT_CLASS = YES_ERROR;
				CLANG_WARN_RANGE_LOOP_ANALYSIS = YES;
				CLANG_WARN_STRICT_PROTOTYPES = YES;
				CLANG_WARN_SUSPICIOUS_MOVE = YES;
				CLANG_WARN_UNREACHABLE_CODE = YES;
				CLANG_WARN__DUPLICATE_METHOD_MATCH = YES;
				CODE_SIGN_IDENTITY = "-";
				COPY_PHASE_STRIP = NO;
				CURRENT_PROJECT_VERSION = 123;
				DEBUG_INFORMATION_FORMAT = dwarf;
				ENABLE_STRICT_OBJC_MSGSEND = YES;
				ENABLE_TESTABILITY = YES;
				GCC_C_LANGUAGE_STANDARD = gnu99;
				GCC_DYNAMIC_NO_PIC = NO;
				GCC_NO_COMMON_BLOCKS = YES;
				GCC_OPTIMIZATION_LEVEL = 0;
				GCC_PREPROCESSOR_DEFINITIONS = (
					"DEBUG=1",
					"$(inherited)",
				);
				GCC_WARN_64_TO_32_BIT_CONVERSION = YES;
				GCC_WARN_ABOUT_RETURN_TYPE = YES_ERROR;
				GCC_WARN_UNDECLARED_SELECTOR = YES;
				GCC_WARN_UNINITIALIZED_AUTOS = YES_AGGRESSIVE;
				GCC_WARN_UNUSED_FUNCTION = YES;
				GCC_WARN_UNUSED_VARIABLE = YES;
				MACOSX_DEPLOYMENT_TARGET = 10.11;
				MTL_ENABLE_DEBUG_INFO = YES;
				ONLY_ACTIVE_ARCH = YES;
				SDKROOT = macosx;
				SWIFT_OPTIMIZATION_LEVEL = "-Onone";
				VERSIONING_SYSTEM = "apple-generic";
				VERSION_INFO_PREFIX = "";
			};
			name = Debug;
		};
		4BC821891C29254C00F68E70 /* Release */ = {
			isa = XCBuildConfiguration;
			buildSettings = {
				ALWAYS_SEARCH_USER_PATHS = NO;
				CLANG_CXX_LANGUAGE_STANDARD = "gnu++0x";
				CLANG_CXX_LIBRARY = "libc++";
				CLANG_ENABLE_MODULES = YES;
				CLANG_ENABLE_OBJC_ARC = YES;
				CLANG_WARN_BLOCK_CAPTURE_AUTORELEASING = YES;
				CLANG_WARN_BOOL_CONVERSION = YES;
				CLANG_WARN_COMMA = YES;
				CLANG_WARN_CONSTANT_CONVERSION = YES;
				CLANG_WARN_DEPRECATED_OBJC_IMPLEMENTATIONS = YES;
				CLANG_WARN_DIRECT_OBJC_ISA_USAGE = YES_ERROR;
				CLANG_WARN_EMPTY_BODY = YES;
				CLANG_WARN_ENUM_CONVERSION = YES;
				CLANG_WARN_INFINITE_RECURSION = YES;
				CLANG_WARN_INT_CONVERSION = YES;
				CLANG_WARN_NON_LITERAL_NULL_CONVERSION = YES;
				CLANG_WARN_OBJC_IMPLICIT_RETAIN_SELF = YES;
				CLANG_WARN_OBJC_LITERAL_CONVERSION = YES;
				CLANG_WARN_OBJC_ROOT_CLASS = YES_ERROR;
				CLANG_WARN_RANGE_LOOP_ANALYSIS = YES;
				CLANG_WARN_STRICT_PROTOTYPES = YES;
				CLANG_WARN_SUSPICIOUS_MOVE = YES;
				CLANG_WARN_UNREACHABLE_CODE = YES;
				CLANG_WARN__DUPLICATE_METHOD_MATCH = YES;
				CODE_SIGN_IDENTITY = "-";
				COPY_PHASE_STRIP = NO;
				CURRENT_PROJECT_VERSION = 123;
				DEBUG_INFORMATION_FORMAT = "dwarf-with-dsym";
				ENABLE_NS_ASSERTIONS = NO;
				ENABLE_STRICT_OBJC_MSGSEND = YES;
				GCC_C_LANGUAGE_STANDARD = gnu99;
				GCC_NO_COMMON_BLOCKS = YES;
				GCC_WARN_64_TO_32_BIT_CONVERSION = YES;
				GCC_WARN_ABOUT_RETURN_TYPE = YES_ERROR;
				GCC_WARN_UNDECLARED_SELECTOR = YES;
				GCC_WARN_UNINITIALIZED_AUTOS = YES_AGGRESSIVE;
				GCC_WARN_UNUSED_FUNCTION = YES;
				GCC_WARN_UNUSED_VARIABLE = YES;
				MACOSX_DEPLOYMENT_TARGET = 10.11;
				MTL_ENABLE_DEBUG_INFO = NO;
				SDKROOT = macosx;
				VERSIONING_SYSTEM = "apple-generic";
				VERSION_INFO_PREFIX = "";
			};
			name = Release;
		};
		4BC8218B1C29254C00F68E70 /* Debug */ = {
			isa = XCBuildConfiguration;
			buildSettings = {
				CLANG_ENABLE_MODULES = YES;
				CODE_SIGN_IDENTITY = "";
				COMBINE_HIDPI_IMAGES = YES;
				DEFINES_MODULE = YES;
				DYLIB_COMPATIBILITY_VERSION = 1;
				DYLIB_CURRENT_VERSION = 123;
				DYLIB_INSTALL_NAME_BASE = "@rpath";
				FRAMEWORK_VERSION = A;
				INFOPLIST_FILE = Support/Info.plist;
				INSTALL_PATH = "$(LOCAL_LIBRARY_DIR)/Frameworks";
				LD_RUNPATH_SEARCH_PATHS = "$(inherited) @executable_path/../Frameworks @loader_path/Frameworks";
				MACOSX_DEPLOYMENT_TARGET = 10.10;
				PRODUCT_BUNDLE_IDENTIFIER = com.onevcat.Rainbow.OSX;
				PRODUCT_NAME = Rainbow;
				SKIP_INSTALL = YES;
				SWIFT_OPTIMIZATION_LEVEL = "-Onone";
				SWIFT_SWIFT3_OBJC_INFERENCE = Default;
				SWIFT_VERSION = 4.0;
			};
			name = Debug;
		};
		4BC8218C1C29254C00F68E70 /* Release */ = {
			isa = XCBuildConfiguration;
			buildSettings = {
				CLANG_ENABLE_MODULES = YES;
				CODE_SIGN_IDENTITY = "";
				COMBINE_HIDPI_IMAGES = YES;
				DEFINES_MODULE = YES;
				DYLIB_COMPATIBILITY_VERSION = 1;
				DYLIB_CURRENT_VERSION = 123;
				DYLIB_INSTALL_NAME_BASE = "@rpath";
				FRAMEWORK_VERSION = A;
				INFOPLIST_FILE = Support/Info.plist;
				INSTALL_PATH = "$(LOCAL_LIBRARY_DIR)/Frameworks";
				LD_RUNPATH_SEARCH_PATHS = "$(inherited) @executable_path/../Frameworks @loader_path/Frameworks";
				MACOSX_DEPLOYMENT_TARGET = 10.10;
				PRODUCT_BUNDLE_IDENTIFIER = com.onevcat.Rainbow.OSX;
				PRODUCT_NAME = Rainbow;
				SKIP_INSTALL = YES;
				SWIFT_OPTIMIZATION_LEVEL = "-Owholemodule";
				SWIFT_SWIFT3_OBJC_INFERENCE = Default;
				SWIFT_VERSION = 4.0;
			};
			name = Release;
		};
		4BC8218E1C29254C00F68E70 /* Debug */ = {
			isa = XCBuildConfiguration;
			buildSettings = {
				CLANG_ENABLE_MODULES = YES;
				CODE_SIGN_IDENTITY = "";
				COMBINE_HIDPI_IMAGES = YES;
				INFOPLIST_FILE = Tests/Info.plist;
				LD_RUNPATH_SEARCH_PATHS = "$(inherited) @executable_path/../Frameworks @loader_path/../Frameworks";
				PRODUCT_BUNDLE_IDENTIFIER = com.onevcat.RainbowTests;
				PRODUCT_NAME = "$(TARGET_NAME)";
				SWIFT_OPTIMIZATION_LEVEL = "-Onone";
				SWIFT_SWIFT3_OBJC_INFERENCE = Default;
				SWIFT_VERSION = 4.0;
			};
			name = Debug;
		};
		4BC8218F1C29254C00F68E70 /* Release */ = {
			isa = XCBuildConfiguration;
			buildSettings = {
				CLANG_ENABLE_MODULES = YES;
				CODE_SIGN_IDENTITY = "";
				COMBINE_HIDPI_IMAGES = YES;
				INFOPLIST_FILE = Tests/Info.plist;
				LD_RUNPATH_SEARCH_PATHS = "$(inherited) @executable_path/../Frameworks @loader_path/../Frameworks";
				PRODUCT_BUNDLE_IDENTIFIER = com.onevcat.RainbowTests;
				PRODUCT_NAME = "$(TARGET_NAME)";
				SWIFT_OPTIMIZATION_LEVEL = "-Owholemodule";
				SWIFT_SWIFT3_OBJC_INFERENCE = Default;
				SWIFT_VERSION = 4.0;
			};
			name = Release;
		};
/* End XCBuildConfiguration section */

/* Begin XCConfigurationList section */
		4B1929131C2BBB02005B79AB /* Build configuration list for PBXNativeTarget "Rainbow(iOS)" */ = {
			isa = XCConfigurationList;
			buildConfigurations = (
				4B19290F1C2BBB02005B79AB /* Debug */,
				4B1929101C2BBB02005B79AB /* Release */,
			);
			defaultConfigurationIsVisible = 0;
			defaultConfigurationName = Release;
		};
		4B19292E1C2BBD8D005B79AB /* Build configuration list for PBXNativeTarget "Rainbow(watchOS)" */ = {
			isa = XCConfigurationList;
			buildConfigurations = (
				4B19292F1C2BBD8D005B79AB /* Debug */,
				4B1929301C2BBD8D005B79AB /* Release */,
			);
			defaultConfigurationIsVisible = 0;
			defaultConfigurationName = Release;
		};
		4B1929521C2BBEC8005B79AB /* Build configuration list for PBXNativeTarget "Rainbow(tvOS)" */ = {
			isa = XCConfigurationList;
			buildConfigurations = (
				4B1929531C2BBEC8005B79AB /* Debug */,
				4B1929541C2BBEC8005B79AB /* Release */,
			);
			defaultConfigurationIsVisible = 0;
			defaultConfigurationName = Release;
		};
		4BC821701C29254C00F68E70 /* Build configuration list for PBXProject "Rainbow" */ = {
			isa = XCConfigurationList;
			buildConfigurations = (
				4BC821881C29254C00F68E70 /* Debug */,
				4BC821891C29254C00F68E70 /* Release */,
			);
			defaultConfigurationIsVisible = 0;
			defaultConfigurationName = Release;
		};
		4BC8218A1C29254C00F68E70 /* Build configuration list for PBXNativeTarget "Rainbow(OSX)" */ = {
			isa = XCConfigurationList;
			buildConfigurations = (
				4BC8218B1C29254C00F68E70 /* Debug */,
				4BC8218C1C29254C00F68E70 /* Release */,
			);
			defaultConfigurationIsVisible = 0;
			defaultConfigurationName = Release;
		};
		4BC8218D1C29254C00F68E70 /* Build configuration list for PBXNativeTarget "RainbowTests" */ = {
			isa = XCConfigurationList;
			buildConfigurations = (
				4BC8218E1C29254C00F68E70 /* Debug */,
				4BC8218F1C29254C00F68E70 /* Release */,
			);
			defaultConfigurationIsVisible = 0;
			defaultConfigurationName = Release;
		};
/* End XCConfigurationList section */
	};
	rootObject = 4BC8216D1C29254C00F68E70 /* Project object */;
}
